
Microsoft Visual Studio Solution File, Format Version 12.00
# Visual Studio Version 16
VisualStudioVersion = 16.0.29503.13
MinimumVisualStudioVersion = 10.0.40219.1
Project("{FAE04EC0-301F-11D3-BF4B-00C04F79EFBC}") = "CartaForbiceSassoServer", "CartaForbiceSassoServer.csproj", "{9358D38E-BB64-478E-B76B-DFB63D339000}"
EndProject
Global
	GlobalSection(SolutionConfigurationPlatforms) = preSolution
		Debug|Any CPU = Debug|Any CPU
		Release|Any CPU = Release|Any CPU
	EndGlobalSection
	GlobalSection(ProjectConfigurationPlatforms) = postSolution
		{9358D38E-BB64-478E-B76B-DFB63D339000}.Debug|Any CPU.ActiveCfg = Debug|Any CPU
		{9358D38E-BB64-478E-B76B-DFB63D339000}.Debug|Any CPU.Build.0 = Debug|Any CPU
		{9358D38E-BB64-478E-B76B-DFB63D339000}.Release|Any CPU.ActiveCfg = Release|Any CPU
		{9358D38E-BB64-478E-B76B-DFB63D339000}.Release|Any CPU.Build.0 = Release|Any CPU
	EndGlobalSection
	GlobalSection(SolutionProperties) = preSolution
		HideSolutionNode = FALSE
	EndGlobalSection
	GlobalSection(ExtensibilityGlobals) = postSolution
		SolutionGuid = {81B743EE-6216-459A-92A2-4EF21F6375E3}
	EndGlobalSection
EndGlobal
